schema: '2.0'
stages:
  load_data:
    cmd: python mlops_fraudulent_transactions/dataset.py
    deps:
    - path: data/raw/creditcard.csv
      hash: md5
      md5: e90efcb83d69faf99fcab8b0255024de
      size: 150828752
    - path: mlops_fraudulent_transactions/dataset.py
      hash: md5
      md5: 72a1b625cee201a1691e27ac103644bb
      size: 1540
    outs:
    - path: data/processed/dataset.csv
      hash: md5
      md5: e5986c63f371b335fceb7778f4ca65c9
      size: 151102405
  feature_engineering:
    cmd: python mlops_fraudulent_transactions/features.py
    deps:
    - path: data/processed/dataset.csv
      hash: md5
      md5: e5986c63f371b335fceb7778f4ca65c9
      size: 151102405
    - path: mlops_fraudulent_transactions/features.py
      hash: md5
      md5: f8c4680ba4629dd5c99b15b79e0e11f6
      size: 3968
    params:
      params.yaml:
        prepare.random_state: 42
        prepare.split_ratio: 0.2
    outs:
    - path: data/processed/test_features.csv
      hash: md5
      md5: ab91894c6a7f579312792dbacd82308e
      size: 31569210
    - path: data/processed/test_labels.csv
      hash: md5
      md5: 139122f285f3641a4e93d0993fc00bc0
      size: 170893
    - path: data/processed/train_features.csv
      hash: md5
      md5: 3846ad47ef9222bf638ea521385a626d
      size: 126278586
    - path: data/processed/train_labels.csv
      hash: md5
      md5: 9bd76a276f1670db9e12935b9548b15e
      size: 683542
  eda_plots:
    cmd: python mlops_fraudulent_transactions/plots.py
    deps:
    - path: data/processed/dataset.csv
      hash: md5
      md5: e5986c63f371b335fceb7778f4ca65c9
      size: 151102405
    - path: mlops_fraudulent_transactions/plots.py
      hash: md5
      md5: 605d98a5cb1725f6641289063250730a
      size: 2933
    outs:
    - path: reports/figures/amounts_by_class.png
      hash: md5
      md5: e125dd6e5ad7dc91e4b1fcba8dc3667f
      size: 23926
    - path: reports/figures/class_distribution.png
      hash: md5
      md5: bc77002e29fc3451a3a7486bf7aade4a
      size: 18818
    - path: reports/figures/correlation_heatmap.png
      hash: md5
      md5: 8cedba70093aaac704a8de6b0fb3092d
      size: 48770
    - path: reports/figures/time_distribution.png
      hash: md5
      md5: 75003f3c01fb4b4f730aa450eb82f0b5
      size: 27675
  train:
    cmd: python mlops_fraudulent_transactions/modeling/train.py
    deps:
    - path: data/processed/train_features.csv
      hash: md5
      md5: 3846ad47ef9222bf638ea521385a626d
      size: 126278586
    - path: data/processed/train_labels.csv
      hash: md5
      md5: 9bd76a276f1670db9e12935b9548b15e
      size: 683542
    - path: mlops_fraudulent_transactions/modeling/autoencoder.py
      hash: md5
      md5: 145634861d2d3747c102c4a201b76849
      size: 3005
    - path: mlops_fraudulent_transactions/modeling/base.py
      hash: md5
      md5: e944c18d962b20b2b2720397df11cf0b
      size: 1480
    - path: mlops_fraudulent_transactions/modeling/mlp.py
      hash: md5
      md5: 099d57aeb63e4736dc6d95fa70b36ed1
      size: 2721
    - path: mlops_fraudulent_transactions/modeling/train.py
      hash: md5
      md5: 896cb933997bf65eb3aba11c81c1a489
      size: 3186
    params:
      params.yaml:
        train.batch_size: 2048
        train.epochs: 15
        train.learning_rate: 0.001
    outs:
    - path: models/model_autoencoder.keras
      hash: md5
      md5: 448b739e2285a26b72e67560724cbb9a
      size: 54964
    - path: models/model_mlp.keras
      hash: md5
      md5: 7096685a9aafa53b7b5fc2b457b1ae76
      size: 94108
  evaluate:
    cmd: python mlops_fraudulent_transactions/modeling/predict.py
    deps:
    - path: data/processed/test_features.csv
      hash: md5
      md5: ab91894c6a7f579312792dbacd82308e
      size: 31569210
    - path: data/processed/test_labels.csv
      hash: md5
      md5: 139122f285f3641a4e93d0993fc00bc0
      size: 170893
    - path: mlops_fraudulent_transactions/modeling/predict.py
      hash: md5
      md5: 45322a0ac5af9018b58facebeccae761
      size: 6642
    - path: models/model_autoencoder.keras
      hash: md5
      md5: 448b739e2285a26b72e67560724cbb9a
      size: 54964
    - path: models/model_mlp.keras
      hash: md5
      md5: 7096685a9aafa53b7b5fc2b457b1ae76
      size: 94108
    outs:
    - path: data/processed/predictions.csv
      hash: md5
      md5: c3a0d3b138966bf264f11050451db6d3
      size: 341
    - path: metrics/eval.json
      hash: md5
      md5: 117a785c859a1a1f3947b331c58bcf0c
      size: 610
    - path: reports/figures/pr_curve_comparison.png
      hash: md5
      md5: 28c0d0e3f47329dbba2d5305dc88f282
      size: 41371
